
Microsoft Visual Studio Solution File, Format Version 12.00
# Visual Studio 15
VisualStudioVersion = 15.0.28010.2016
MinimumVisualStudioVersion = 10.0.40219.1
Project("{FAE04EC0-301F-11D3-BF4B-00C04F79EFBC}") = "FlaskeAutomatSortering", "FlaskeAutomatSortering\FlaskeAutomatSortering.csproj", "{253174ED-534B-423C-BF96-ADA7B34F1404}"
EndProject
Global
	GlobalSection(SolutionConfigurationPlatforms) = preSolution
		Debug|Any CPU = Debug|Any CPU
		Release|Any CPU = Release|Any CPU
	EndGlobalSection
	GlobalSection(ProjectConfigurationPlatforms) = postSolution
		{253174ED-534B-423C-BF96-ADA7B34F1404}.Debug|Any CPU.ActiveCfg = Debug|Any CPU
		{253174ED-534B-423C-BF96-ADA7B34F1404}.Debug|Any CPU.Build.0 = Debug|Any CPU
		{253174ED-534B-423C-BF96-ADA7B34F1404}.Release|Any CPU.ActiveCfg = Release|Any CPU
		{253174ED-534B-423C-BF96-ADA7B34F1404}.Release|Any CPU.Build.0 = Release|Any CPU
	EndGlobalSection
	GlobalSection(SolutionProperties) = preSolution
		HideSolutionNode = FALSE
	EndGlobalSection
	GlobalSection(ExtensibilityGlobals) = postSolution
		SolutionGuid = {10861625-624D-48DB-9514-865527678442}
	EndGlobalSection
EndGlobal
