
Microsoft Visual Studio Solution File, Format Version 12.00
# Visual Studio 15
VisualStudioVersion = 15.0.28010.2016
MinimumVisualStudioVersion = 10.0.40219.1
Project("{FAE04EC0-301F-11D3-BF4B-00C04F79EFBC}") = "ConsoleApp3", "ConsoleApp3\ConsoleApp3.csproj", "{E03BB45D-D5F5-4335-AF9D-B376825822C7}"
EndProject
Global
	GlobalSection(SolutionConfigurationPlatforms) = preSolution
		Debug|Any CPU = Debug|Any CPU
		Release|Any CPU = Release|Any CPU
	EndGlobalSection
	GlobalSection(ProjectConfigurationPlatforms) = postSolution
		{E03BB45D-D5F5-4335-AF9D-B376825822C7}.Debug|Any CPU.ActiveCfg = Debug|Any CPU
		{E03BB45D-D5F5-4335-AF9D-B376825822C7}.Debug|Any CPU.Build.0 = Debug|Any CPU
		{E03BB45D-D5F5-4335-AF9D-B376825822C7}.Release|Any CPU.ActiveCfg = Release|Any CPU
		{E03BB45D-D5F5-4335-AF9D-B376825822C7}.Release|Any CPU.Build.0 = Release|Any CPU
	EndGlobalSection
	GlobalSection(SolutionProperties) = preSolution
		HideSolutionNode = FALSE
	EndGlobalSection
	GlobalSection(ExtensibilityGlobals) = postSolution
		SolutionGuid = {CE5C7CAC-E8BC-4C48-8BC1-38DFBB8809B7}
	EndGlobalSection
EndGlobal
