
Microsoft Visual Studio Solution File, Format Version 12.00
# Visual Studio 15
VisualStudioVersion = 15.0.27130.2036
MinimumVisualStudioVersion = 10.0.40219.1
Project("{FAE04EC0-301F-11D3-BF4B-00C04F79EFBC}") = "Vending Machine", "Vending Machine\Vending Machine.csproj", "{74162D25-7F43-4D25-8C21-3771CC79802C}"
EndProject
Global
	GlobalSection(SolutionConfigurationPlatforms) = preSolution
		Debug|Any CPU = Debug|Any CPU
		Release|Any CPU = Release|Any CPU
	EndGlobalSection
	GlobalSection(ProjectConfigurationPlatforms) = postSolution
		{74162D25-7F43-4D25-8C21-3771CC79802C}.Debug|Any CPU.ActiveCfg = Debug|Any CPU
		{74162D25-7F43-4D25-8C21-3771CC79802C}.Debug|Any CPU.Build.0 = Debug|Any CPU
		{74162D25-7F43-4D25-8C21-3771CC79802C}.Release|Any CPU.ActiveCfg = Release|Any CPU
		{74162D25-7F43-4D25-8C21-3771CC79802C}.Release|Any CPU.Build.0 = Release|Any CPU
	EndGlobalSection
	GlobalSection(SolutionProperties) = preSolution
		HideSolutionNode = FALSE
	EndGlobalSection
	GlobalSection(ExtensibilityGlobals) = postSolution
		SolutionGuid = {8426BA19-25BE-4CCC-AE9C-1571B7F0400E}
	EndGlobalSection
EndGlobal
