
Microsoft Visual Studio Solution File, Format Version 12.00
# Visual Studio 15
VisualStudioVersion = 15.0.27130.2036
MinimumVisualStudioVersion = 10.0.40219.1
Project("{FAE04EC0-301F-11D3-BF4B-00C04F79EFBC}") = "Queues", "Queues\Queues.csproj", "{190EE399-F47E-4331-AE49-A4BADBE6C20A}"
EndProject
Global
	GlobalSection(SolutionConfigurationPlatforms) = preSolution
		Debug|Any CPU = Debug|Any CPU
		Release|Any CPU = Release|Any CPU
	EndGlobalSection
	GlobalSection(ProjectConfigurationPlatforms) = postSolution
		{190EE399-F47E-4331-AE49-A4BADBE6C20A}.Debug|Any CPU.ActiveCfg = Debug|Any CPU
		{190EE399-F47E-4331-AE49-A4BADBE6C20A}.Debug|Any CPU.Build.0 = Debug|Any CPU
		{190EE399-F47E-4331-AE49-A4BADBE6C20A}.Release|Any CPU.ActiveCfg = Release|Any CPU
		{190EE399-F47E-4331-AE49-A4BADBE6C20A}.Release|Any CPU.Build.0 = Release|Any CPU
	EndGlobalSection
	GlobalSection(SolutionProperties) = preSolution
		HideSolutionNode = FALSE
	EndGlobalSection
	GlobalSection(ExtensibilityGlobals) = postSolution
		SolutionGuid = {778F96E4-0E38-482B-A86F-3BC62F7EB0F1}
	EndGlobalSection
EndGlobal
