
Microsoft Visual Studio Solution File, Format Version 12.00
# Visual Studio 15
VisualStudioVersion = 15.0.28010.2016
MinimumVisualStudioVersion = 10.0.40219.1
Project("{FAE04EC0-301F-11D3-BF4B-00C04F79EFBC}") = "LuggageSotring", "LuggageSotring\LuggageSotring.csproj", "{0D0D45A9-025C-4223-A2CA-0D32B38B5325}"
EndProject
Global
	GlobalSection(SolutionConfigurationPlatforms) = preSolution
		Debug|Any CPU = Debug|Any CPU
		Release|Any CPU = Release|Any CPU
	EndGlobalSection
	GlobalSection(ProjectConfigurationPlatforms) = postSolution
		{0D0D45A9-025C-4223-A2CA-0D32B38B5325}.Debug|Any CPU.ActiveCfg = Debug|Any CPU
		{0D0D45A9-025C-4223-A2CA-0D32B38B5325}.Debug|Any CPU.Build.0 = Debug|Any CPU
		{0D0D45A9-025C-4223-A2CA-0D32B38B5325}.Release|Any CPU.ActiveCfg = Release|Any CPU
		{0D0D45A9-025C-4223-A2CA-0D32B38B5325}.Release|Any CPU.Build.0 = Release|Any CPU
	EndGlobalSection
	GlobalSection(SolutionProperties) = preSolution
		HideSolutionNode = FALSE
	EndGlobalSection
	GlobalSection(ExtensibilityGlobals) = postSolution
		SolutionGuid = {8950EE88-C573-41E1-95B1-304FA9AF2AB6}
	EndGlobalSection
EndGlobal
