
Microsoft Visual Studio Solution File, Format Version 12.00
# Visual Studio 15
VisualStudioVersion = 15.0.27130.2036
MinimumVisualStudioVersion = 10.0.40219.1
Project("{FAE04EC0-301F-11D3-BF4B-00C04F79EFBC}") = "Planets", "Planets\Planets.csproj", "{695B0B2F-A689-4FE9-B1F0-9EDE99EE9D18}"
EndProject
Global
	GlobalSection(SolutionConfigurationPlatforms) = preSolution
		Debug|Any CPU = Debug|Any CPU
		Release|Any CPU = Release|Any CPU
	EndGlobalSection
	GlobalSection(ProjectConfigurationPlatforms) = postSolution
		{695B0B2F-A689-4FE9-B1F0-9EDE99EE9D18}.Debug|Any CPU.ActiveCfg = Debug|Any CPU
		{695B0B2F-A689-4FE9-B1F0-9EDE99EE9D18}.Debug|Any CPU.Build.0 = Debug|Any CPU
		{695B0B2F-A689-4FE9-B1F0-9EDE99EE9D18}.Release|Any CPU.ActiveCfg = Release|Any CPU
		{695B0B2F-A689-4FE9-B1F0-9EDE99EE9D18}.Release|Any CPU.Build.0 = Release|Any CPU
	EndGlobalSection
	GlobalSection(SolutionProperties) = preSolution
		HideSolutionNode = FALSE
	EndGlobalSection
	GlobalSection(ExtensibilityGlobals) = postSolution
		SolutionGuid = {AA23A625-FA84-4A0A-B173-A87556E863BC}
	EndGlobalSection
EndGlobal
